
Microsoft Visual Studio Solution File, Format Version 12.00
# Visual Studio Version 16
VisualStudioVersion = 16.0.31229.75
MinimumVisualStudioVersion = 10.0.40219.1
Project("{9A19103F-16F7-4668-BE54-9A1E7A4F7556}") = "ClasePracticaEvaluacion", "ClasePracticaEvaluacion\ClasePracticaEvaluacion.csproj", "{43285C43-4500-46EC-B13E-BB6DCAC027D2}"
EndProject
Project("{9A19103F-16F7-4668-BE54-9A1E7A4F7556}") = "Entidades", "Entidades\Entidades.csproj", "{C5432D88-88F8-4D78-BDDD-3FCABC4065F8}"
EndProject
Project("{FAE04EC0-301F-11D3-BF4B-00C04F79EFBC}") = "Servicios", "Servicios\Servicios.csproj", "{142372FC-0AB2-430E-94D7-313B54D5A31B}"
EndProject
Global
	GlobalSection(SolutionConfigurationPlatforms) = preSolution
		Debug|Any CPU = Debug|Any CPU
		Release|Any CPU = Release|Any CPU
	EndGlobalSection
	GlobalSection(ProjectConfigurationPlatforms) = postSolution
		{43285C43-4500-46EC-B13E-BB6DCAC027D2}.Debug|Any CPU.ActiveCfg = Debug|Any CPU
		{43285C43-4500-46EC-B13E-BB6DCAC027D2}.Debug|Any CPU.Build.0 = Debug|Any CPU
		{43285C43-4500-46EC-B13E-BB6DCAC027D2}.Release|Any CPU.ActiveCfg = Release|Any CPU
		{43285C43-4500-46EC-B13E-BB6DCAC027D2}.Release|Any CPU.Build.0 = Release|Any CPU
		{C5432D88-88F8-4D78-BDDD-3FCABC4065F8}.Debug|Any CPU.ActiveCfg = Debug|Any CPU
		{C5432D88-88F8-4D78-BDDD-3FCABC4065F8}.Debug|Any CPU.Build.0 = Debug|Any CPU
		{C5432D88-88F8-4D78-BDDD-3FCABC4065F8}.Release|Any CPU.ActiveCfg = Release|Any CPU
		{C5432D88-88F8-4D78-BDDD-3FCABC4065F8}.Release|Any CPU.Build.0 = Release|Any CPU
		{142372FC-0AB2-430E-94D7-313B54D5A31B}.Debug|Any CPU.ActiveCfg = Debug|Any CPU
		{142372FC-0AB2-430E-94D7-313B54D5A31B}.Debug|Any CPU.Build.0 = Debug|Any CPU
		{142372FC-0AB2-430E-94D7-313B54D5A31B}.Release|Any CPU.ActiveCfg = Release|Any CPU
		{142372FC-0AB2-430E-94D7-313B54D5A31B}.Release|Any CPU.Build.0 = Release|Any CPU
	EndGlobalSection
	GlobalSection(SolutionProperties) = preSolution
		HideSolutionNode = FALSE
	EndGlobalSection
	GlobalSection(ExtensibilityGlobals) = postSolution
		SolutionGuid = {9F768CA3-DF61-4933-AAC0-E3CDF9A27156}
	EndGlobalSection
EndGlobal
